
Microsoft Visual Studio Solution File, Format Version 12.00
# Visual Studio 14
VisualStudioVersion = 14.0.25123.0
MinimumVisualStudioVersion = 10.0.40219.1
Project("{FAE04EC0-301F-11D3-BF4B-00C04F79EFBC}") = "EchoServer", "EchoServer\EchoServer.csproj", "{1ADFEC89-B58D-4B8A-B2A7-FF3EFA65C8CB}"
EndProject
Project("{FAE04EC0-301F-11D3-BF4B-00C04F79EFBC}") = "EchoClient", "EchoClient\EchoClient.csproj", "{479BA26F-EE40-42D0-A556-8971081B0D97}"
EndProject
Project("{FAE04EC0-301F-11D3-BF4B-00C04F79EFBC}") = "Shared", "Shared\Shared.csproj", "{D6DD8B1F-399B-4DE7-B8AD-FF87E8F5EB0C}"
EndProject
Global
	GlobalSection(SolutionConfigurationPlatforms) = preSolution
		Debug|Any CPU = Debug|Any CPU
		Release|Any CPU = Release|Any CPU
	EndGlobalSection
	GlobalSection(ProjectConfigurationPlatforms) = postSolution
		{1ADFEC89-B58D-4B8A-B2A7-FF3EFA65C8CB}.Debug|Any CPU.ActiveCfg = Debug|Any CPU
		{1ADFEC89-B58D-4B8A-B2A7-FF3EFA65C8CB}.Debug|Any CPU.Build.0 = Debug|Any CPU
		{1ADFEC89-B58D-4B8A-B2A7-FF3EFA65C8CB}.Release|Any CPU.ActiveCfg = Release|Any CPU
		{1ADFEC89-B58D-4B8A-B2A7-FF3EFA65C8CB}.Release|Any CPU.Build.0 = Release|Any CPU
		{479BA26F-EE40-42D0-A556-8971081B0D97}.Debug|Any CPU.ActiveCfg = Debug|Any CPU
		{479BA26F-EE40-42D0-A556-8971081B0D97}.Debug|Any CPU.Build.0 = Debug|Any CPU
		{479BA26F-EE40-42D0-A556-8971081B0D97}.Release|Any CPU.ActiveCfg = Release|Any CPU
		{479BA26F-EE40-42D0-A556-8971081B0D97}.Release|Any CPU.Build.0 = Release|Any CPU
		{D6DD8B1F-399B-4DE7-B8AD-FF87E8F5EB0C}.Debug|Any CPU.ActiveCfg = Debug|Any CPU
		{D6DD8B1F-399B-4DE7-B8AD-FF87E8F5EB0C}.Debug|Any CPU.Build.0 = Debug|Any CPU
		{D6DD8B1F-399B-4DE7-B8AD-FF87E8F5EB0C}.Release|Any CPU.ActiveCfg = Release|Any CPU
		{D6DD8B1F-399B-4DE7-B8AD-FF87E8F5EB0C}.Release|Any CPU.Build.0 = Release|Any CPU
	EndGlobalSection
	GlobalSection(SolutionProperties) = preSolution
		HideSolutionNode = FALSE
	EndGlobalSection
EndGlobal
